// !$*UTF8*$!
{
	archiveVersion = 1;
	classes = {
	};
	objectVersion = 50;
	objects = {

/* Begin PBXBuildFile section */
		572665B923635F27002D3B05 /* Movies.m in Sources */ = {isa = PBXBuildFile; fileRef = 572665B823635F27002D3B05 /* Movies.m */; };
		572665BC23635F3C002D3B05 /* MovieDetails.m in Sources */ = {isa = PBXBuildFile; fileRef = 572665BB23635F3C002D3B05 /* MovieDetails.m */; };
		572665C22363750D002D3B05 /* AbstractService.m in Sources */ = {isa = PBXBuildFile; fileRef = 572665C12363750D002D3B05 /* AbstractService.m */; };
		572665C5236379AA002D3B05 /* MovieListTableViewController.m in Sources */ = {isa = PBXBuildFile; fileRef = 572665C4236379AA002D3B05 /* MovieListTableViewController.m */; };
		572665C823639908002D3B05 /* MovieDetailsViewController.m in Sources */ = {isa = PBXBuildFile; fileRef = 572665C723639908002D3B05 /* MovieDetailsViewController.m */; };
		5726A0872366CE11002D3B05 /* MovieItemTableViewCell.m in Sources */ = {isa = PBXBuildFile; fileRef = 5726A0852366CE11002D3B05 /* MovieItemTableViewCell.m */; };
		5726A0882366CE11002D3B05 /* MovieItemTableViewCell.xib in Resources */ = {isa = PBXBuildFile; fileRef = 5726A0862366CE11002D3B05 /* MovieItemTableViewCell.xib */; };
		57367035236841A600F68CC9 /* Constants.m in Sources */ = {isa = PBXBuildFile; fileRef = 57367034236841A600F68CC9 /* Constants.m */; };
		574B3D63235FA66A008442CE /* AppDelegate.m in Sources */ = {isa = PBXBuildFile; fileRef = 574B3D62235FA66A008442CE /* AppDelegate.m */; };
		574B3D66235FA66A008442CE /* SceneDelegate.m in Sources */ = {isa = PBXBuildFile; fileRef = 574B3D65235FA66A008442CE /* SceneDelegate.m */; };
		574B3D6C235FA66A008442CE /* Main.storyboard in Resources */ = {isa = PBXBuildFile; fileRef = 574B3D6A235FA66A008442CE /* Main.storyboard */; };
		574B3D6E235FA66D008442CE /* Assets.xcassets in Resources */ = {isa = PBXBuildFile; fileRef = 574B3D6D235FA66D008442CE /* Assets.xcassets */; };
		574B3D71235FA66D008442CE /* LaunchScreen.storyboard in Resources */ = {isa = PBXBuildFile; fileRef = 574B3D6F235FA66D008442CE /* LaunchScreen.storyboard */; };
		574B3D74235FA66D008442CE /* main.m in Sources */ = {isa = PBXBuildFile; fileRef = 574B3D73235FA66D008442CE /* main.m */; };
		574B3D8023624585008442CE /* MovieListViewModel.m in Sources */ = {isa = PBXBuildFile; fileRef = 574B3D7F23624585008442CE /* MovieListViewModel.m */; };
		574B3D8923624AD8008442CE /* NativeRestService.m in Sources */ = {isa = PBXBuildFile; fileRef = 574B3D8823624AD8008442CE /* NativeRestService.m */; };
		574B3D8D23624B59008442CE /* MovieDetailsViewModel.m in Sources */ = {isa = PBXBuildFile; fileRef = 574B3D8C23624B59008442CE /* MovieDetailsViewModel.m */; };
/* End PBXBuildFile section */

/* Begin PBXFileReference section */
		572665B723635F27002D3B05 /* Movies.h */ = {isa = PBXFileReference; lastKnownFileType = sourcecode.c.h; path = Movies.h; sourceTree = "<group>"; };
		572665B823635F27002D3B05 /* Movies.m */ = {isa = PBXFileReference; lastKnownFileType = sourcecode.c.objc; path = Movies.m; sourceTree = "<group>"; };
		572665BA23635F3C002D3B05 /* MovieDetails.h */ = {isa = PBXFileReference; lastKnownFileType = sourcecode.c.h; path = MovieDetails.h; sourceTree = "<group>"; };
		572665BB23635F3C002D3B05 /* MovieDetails.m */ = {isa = PBXFileReference; lastKnownFileType = sourcecode.c.objc; path = MovieDetails.m; sourceTree = "<group>"; };
		572665C02363750D002D3B05 /* AbstractService.h */ = {isa = PBXFileReference; lastKnownFileType = sourcecode.c.h; path = AbstractService.h; sourceTree = "<group>"; };
		572665C12363750D002D3B05 /* AbstractService.m */ = {isa = PBXFileReference; lastKnownFileType = sourcecode.c.objc; path = AbstractService.m; sourceTree = "<group>"; };
		572665C3236379AA002D3B05 /* MovieListTableViewController.h */ = {isa = PBXFileReference; lastKnownFileType = sourcecode.c.h; path = MovieListTableViewController.h; sourceTree = "<group>"; };
		572665C4236379AA002D3B05 /* MovieListTableViewController.m */ = {isa = PBXFileReference; lastKnownFileType = sourcecode.c.objc; path = MovieListTableViewController.m; sourceTree = "<group>"; };
		572665C623639908002D3B05 /* MovieDetailsViewController.h */ = {isa = PBXFileReference; lastKnownFileType = sourcecode.c.h; path = MovieDetailsViewController.h; sourceTree = "<group>"; };
		572665C723639908002D3B05 /* MovieDetailsViewController.m */ = {isa = PBXFileReference; lastKnownFileType = sourcecode.c.objc; path = MovieDetailsViewController.m; sourceTree = "<group>"; };
		5726A0842366CE11002D3B05 /* MovieItemTableViewCell.h */ = {isa = PBXFileReference; lastKnownFileType = sourcecode.c.h; path = MovieItemTableViewCell.h; sourceTree = "<group>"; };
		5726A0852366CE11002D3B05 /* MovieItemTableViewCell.m */ = {isa = PBXFileReference; lastKnownFileType = sourcecode.c.objc; path = MovieItemTableViewCell.m; sourceTree = "<group>"; };
		5726A0862366CE11002D3B05 /* MovieItemTableViewCell.xib */ = {isa = PBXFileReference; lastKnownFileType = file.xib; path = MovieItemTableViewCell.xib; sourceTree = "<group>"; };
		57367034236841A600F68CC9 /* Constants.m */ = {isa = PBXFileReference; lastKnownFileType = sourcecode.c.objc; path = Constants.m; sourceTree = "<group>"; };
		57367036236841B900F68CC9 /* Constants.h */ = {isa = PBXFileReference; lastKnownFileType = sourcecode.c.h; path = Constants.h; sourceTree = "<group>"; };
		574B3D5E235FA66A008442CE /* LittleFilmWeb.app */ = {isa = PBXFileReference; explicitFileType = wrapper.application; includeInIndex = 0; path = LittleFilmWeb.app; sourceTree = BUILT_PRODUCTS_DIR; };
		574B3D61235FA66A008442CE /* AppDelegate.h */ = {isa = PBXFileReference; lastKnownFileType = sourcecode.c.h; path = AppDelegate.h; sourceTree = "<group>"; };
		574B3D62235FA66A008442CE /* AppDelegate.m */ = {isa = PBXFileReference; lastKnownFileType = sourcecode.c.objc; path = AppDelegate.m; sourceTree = "<group>"; };
		574B3D64235FA66A008442CE /* SceneDelegate.h */ = {isa = PBXFileReference; lastKnownFileType = sourcecode.c.h; path = SceneDelegate.h; sourceTree = "<group>"; };
		574B3D65235FA66A008442CE /* SceneDelegate.m */ = {isa = PBXFileReference; lastKnownFileType = sourcecode.c.objc; path = SceneDelegate.m; sourceTree = "<group>"; };
		574B3D6B235FA66A008442CE /* Base */ = {isa = PBXFileReference; lastKnownFileType = file.storyboard; name = Base; path = Base.lproj/Main.storyboard; sourceTree = "<group>"; };
		574B3D6D235FA66D008442CE /* Assets.xcassets */ = {isa = PBXFileReference; lastKnownFileType = folder.assetcatalog; path = Assets.xcassets; sourceTree = "<group>"; };
		574B3D70235FA66D008442CE /* Base */ = {isa = PBXFileReference; lastKnownFileType = file.storyboard; name = Base; path = Base.lproj/LaunchScreen.storyboard; sourceTree = "<group>"; };
		574B3D72235FA66D008442CE /* Info.plist */ = {isa = PBXFileReference; lastKnownFileType = text.plist.xml; path = Info.plist; sourceTree = "<group>"; };
		574B3D73235FA66D008442CE /* main.m */ = {isa = PBXFileReference; lastKnownFileType = sourcecode.c.objc; path = main.m; sourceTree = "<group>"; };
		574B3D7E23624585008442CE /* MovieListViewModel.h */ = {isa = PBXFileReference; lastKnownFileType = sourcecode.c.h; path = MovieListViewModel.h; sourceTree = "<group>"; };
		574B3D7F23624585008442CE /* MovieListViewModel.m */ = {isa = PBXFileReference; lastKnownFileType = sourcecode.c.objc; path = MovieListViewModel.m; sourceTree = "<group>"; };
		574B3D8723624AD8008442CE /* NativeRestService.h */ = {isa = PBXFileReference; lastKnownFileType = sourcecode.c.h; path = NativeRestService.h; sourceTree = "<group>"; };
		574B3D8823624AD8008442CE /* NativeRestService.m */ = {isa = PBXFileReference; lastKnownFileType = sourcecode.c.objc; path = NativeRestService.m; sourceTree = "<group>"; };
		574B3D8B23624B59008442CE /* MovieDetailsViewModel.h */ = {isa = PBXFileReference; lastKnownFileType = sourcecode.c.h; path = MovieDetailsViewModel.h; sourceTree = "<group>"; };
		574B3D8C23624B59008442CE /* MovieDetailsViewModel.m */ = {isa = PBXFileReference; lastKnownFileType = sourcecode.c.objc; path = MovieDetailsViewModel.m; sourceTree = "<group>"; };
/* End PBXFileReference section */

/* Begin PBXFrameworksBuildPhase section */
		574B3D5B235FA66A008442CE /* Frameworks */ = {
			isa = PBXFrameworksBuildPhase;
			buildActionMask = 2147483647;
			files = (
			);
			runOnlyForDeploymentPostprocessing = 0;
		};
/* End PBXFrameworksBuildPhase section */

/* Begin PBXGroup section */
		572665C923639C24002D3B05 /* Views */ = {
			isa = PBXGroup;
			children = (
				5726A0842366CE11002D3B05 /* MovieItemTableViewCell.h */,
				5726A0852366CE11002D3B05 /* MovieItemTableViewCell.m */,
				5726A0862366CE11002D3B05 /* MovieItemTableViewCell.xib */,
			);
			path = Views;
			sourceTree = "<group>";
		};
		574B3D55235FA66A008442CE = {
			isa = PBXGroup;
			children = (
				574B3D60235FA66A008442CE /* LittleFilmWeb */,
				574B3D5F235FA66A008442CE /* Products */,
			);
			sourceTree = "<group>";
		};
		574B3D5F235FA66A008442CE /* Products */ = {
			isa = PBXGroup;
			children = (
				574B3D5E235FA66A008442CE /* LittleFilmWeb.app */,
			);
			name = Products;
			sourceTree = "<group>";
		};
		574B3D60235FA66A008442CE /* LittleFilmWeb */ = {
			isa = PBXGroup;
			children = (
				574B3D7D2362455B008442CE /* Models */,
				574B3D7C23609285008442CE /* Services */,
				574B3D7B2360927C008442CE /* MovieDetailsScene */,
				574B3D7A2360926F008442CE /* MainViewScene */,
				574B3D61235FA66A008442CE /* AppDelegate.h */,
				574B3D62235FA66A008442CE /* AppDelegate.m */,
				574B3D64235FA66A008442CE /* SceneDelegate.h */,
				574B3D65235FA66A008442CE /* SceneDelegate.m */,
				574B3D6A235FA66A008442CE /* Main.storyboard */,
				574B3D6D235FA66D008442CE /* Assets.xcassets */,
				574B3D6F235FA66D008442CE /* LaunchScreen.storyboard */,
				574B3D72235FA66D008442CE /* Info.plist */,
				574B3D73235FA66D008442CE /* main.m */,
				57367034236841A600F68CC9 /* Constants.m */,
				57367036236841B900F68CC9 /* Constants.h */,
			);
			path = LittleFilmWeb;
			sourceTree = "<group>";
		};
		574B3D7A2360926F008442CE /* MainViewScene */ = {
			isa = PBXGroup;
			children = (
				572665C923639C24002D3B05 /* Views */,
				574B3D7E23624585008442CE /* MovieListViewModel.h */,
				574B3D7F23624585008442CE /* MovieListViewModel.m */,
				572665C3236379AA002D3B05 /* MovieListTableViewController.h */,
				572665C4236379AA002D3B05 /* MovieListTableViewController.m */,
			);
			path = MainViewScene;
			sourceTree = "<group>";
		};
		574B3D7B2360927C008442CE /* MovieDetailsScene */ = {
			isa = PBXGroup;
			children = (
				574B3D8B23624B59008442CE /* MovieDetailsViewModel.h */,
				574B3D8C23624B59008442CE /* MovieDetailsViewModel.m */,
				572665C623639908002D3B05 /* MovieDetailsViewController.h */,
				572665C723639908002D3B05 /* MovieDetailsViewController.m */,
			);
			path = MovieDetailsScene;
			sourceTree = "<group>";
		};
		574B3D7C23609285008442CE /* Services */ = {
			isa = PBXGroup;
			children = (
				574B3D8A23624AF1008442CE /* NativeRestService */,
				572665C02363750D002D3B05 /* AbstractService.h */,
				572665C12363750D002D3B05 /* AbstractService.m */,
			);
			path = Services;
			sourceTree = "<group>";
		};
		574B3D7D2362455B008442CE /* Models */ = {
			isa = PBXGroup;
			children = (
				572665B723635F27002D3B05 /* Movies.h */,
				572665B823635F27002D3B05 /* Movies.m */,
				572665BA23635F3C002D3B05 /* MovieDetails.h */,
				572665BB23635F3C002D3B05 /* MovieDetails.m */,
			);
			path = Models;
			sourceTree = "<group>";
		};
		574B3D8A23624AF1008442CE /* NativeRestService */ = {
			isa = PBXGroup;
			children = (
				574B3D8723624AD8008442CE /* NativeRestService.h */,
				574B3D8823624AD8008442CE /* NativeRestService.m */,
			);
			path = NativeRestService;
			sourceTree = "<group>";
		};
/* End PBXGroup section */

/* Begin PBXNativeTarget section */
		574B3D5D235FA66A008442CE /* LittleFilmWeb */ = {
			isa = PBXNativeTarget;
			buildConfigurationList = 574B3D77235FA66D008442CE /* Build configuration list for PBXNativeTarget "LittleFilmWeb" */;
			buildPhases = (
				574B3D5A235FA66A008442CE /* Sources */,
				574B3D5B235FA66A008442CE /* Frameworks */,
				574B3D5C235FA66A008442CE /* Resources */,
			);
			buildRules = (
			);
			dependencies = (
			);
			name = LittleFilmWeb;
			productName = LittleFilmWeb;
			productReference = 574B3D5E235FA66A008442CE /* LittleFilmWeb.app */;
			productType = "com.apple.product-type.application";
		};
/* End PBXNativeTarget section */

/* Begin PBXProject section */
		574B3D56235FA66A008442CE /* Project object */ = {
			isa = PBXProject;
			attributes = {
				LastUpgradeCheck = 1110;
				ORGANIZATIONNAME = "Piotr Rola";
				TargetAttributes = {
					574B3D5D235FA66A008442CE = {
						CreatedOnToolsVersion = 11.1;
					};
				};
			};
			buildConfigurationList = 574B3D59235FA66A008442CE /* Build configuration list for PBXProject "LittleFilmWeb" */;
			compatibilityVersion = "Xcode 9.3";
			developmentRegion = en;
			hasScannedForEncodings = 0;
			knownRegions = (
				en,
				Base,
			);
			mainGroup = 574B3D55235FA66A008442CE;
			productRefGroup = 574B3D5F235FA66A008442CE /* Products */;
			projectDirPath = "";
			projectRoot = "";
			targets = (
				574B3D5D235FA66A008442CE /* LittleFilmWeb */,
			);
		};
/* End PBXProject section */

/* Begin PBXResourcesBuildPhase section */
		574B3D5C235FA66A008442CE /* Resources */ = {
			isa = PBXResourcesBuildPhase;
			buildActionMask = 2147483647;
			files = (
				574B3D71235FA66D008442CE /* LaunchScreen.storyboard in Resources */,
				5726A0882366CE11002D3B05 /* MovieItemTableViewCell.xib in Resources */,
				574B3D6E235FA66D008442CE /* Assets.xcassets in Resources */,
				574B3D6C235FA66A008442CE /* Main.storyboard in Resources */,
			);
			runOnlyForDeploymentPostprocessing = 0;
		};
/* End PBXResourcesBuildPhase section */

/* Begin PBXSourcesBuildPhase section */
		574B3D5A235FA66A008442CE /* Sources */ = {
			isa = PBXSourcesBuildPhase;
			buildActionMask = 2147483647;
			files = (
				574B3D63235FA66A008442CE /* AppDelegate.m in Sources */,
				574B3D8923624AD8008442CE /* NativeRestService.m in Sources */,
				572665BC23635F3C002D3B05 /* MovieDetails.m in Sources */,
				574B3D74235FA66D008442CE /* main.m in Sources */,
				574B3D8D23624B59008442CE /* MovieDetailsViewModel.m in Sources */,
				574B3D8023624585008442CE /* MovieListViewModel.m in Sources */,
				572665C823639908002D3B05 /* MovieDetailsViewController.m in Sources */,
				572665B923635F27002D3B05 /* Movies.m in Sources */,
				572665C22363750D002D3B05 /* AbstractService.m in Sources */,
				5726A0872366CE11002D3B05 /* MovieItemTableViewCell.m in Sources */,
				57367035236841A600F68CC9 /* Constants.m in Sources */,
				572665C5236379AA002D3B05 /* MovieListTableViewController.m in Sources */,
				574B3D66235FA66A008442CE /* SceneDelegate.m in Sources */,
			);
			runOnlyForDeploymentPostprocessing = 0;
		};
/* End PBXSourcesBuildPhase section */

/* Begin PBXVariantGroup section */
		574B3D6A235FA66A008442CE /* Main.storyboard */ = {
			isa = PBXVariantGroup;
			children = (
				574B3D6B235FA66A008442CE /* Base */,
			);
			name = Main.storyboard;
			sourceTree = "<group>";
		};
		574B3D6F235FA66D008442CE /* LaunchScreen.storyboard */ = {
			isa = PBXVariantGroup;
			children = (
				574B3D70235FA66D008442CE /* Base */,
			);
			name = LaunchScreen.storyboard;
			sourceTree = "<group>";
		};
/* End PBXVariantGroup section */

/* Begin XCBuildConfiguration section */
		574B3D75235FA66D008442CE /* Debug */ = {
			isa = XCBuildConfiguration;
			buildSettings = {
				ALWAYS_SEARCH_USER_PATHS = NO;
				CLANG_ANALYZER_NONNULL = YES;
				CLANG_ANALYZER_NUMBER_OBJECT_CONVERSION = YES_AGGRESSIVE;
				CLANG_CXX_LANGUAGE_STANDARD = "gnu++14";
				CLANG_CXX_LIBRARY = "libc++";
				CLANG_ENABLE_MODULES = YES;
				CLANG_ENABLE_OBJC_ARC = YES;
				CLANG_ENABLE_OBJC_WEAK = YES;
				CLANG_WARN_BLOCK_CAPTURE_AUTORELEASING = YES;
				CLANG_WARN_BOOL_CONVERSION = YES;
				CLANG_WARN_COMMA = YES;
				CLANG_WARN_CONSTANT_CONVERSION = YES;
				CLANG_WARN_DEPRECATED_OBJC_IMPLEMENTATIONS = YES;
				CLANG_WARN_DIRECT_OBJC_ISA_USAGE = YES_ERROR;
				CLANG_WARN_DOCUMENTATION_COMMENTS = YES;
				CLANG_WARN_EMPTY_BODY = YES;
				CLANG_WARN_ENUM_CONVERSION = YES;
				CLANG_WARN_INFINITE_RECURSION = YES;
				CLANG_WARN_INT_CONVERSION = YES;
				CLANG_WARN_NON_LITERAL_NULL_CONVERSION = YES;
				CLANG_WARN_OBJC_IMPLICIT_RETAIN_SELF = YES;
				CLANG_WARN_OBJC_LITERAL_CONVERSION = YES;
				CLANG_WARN_OBJC_ROOT_CLASS = YES_ERROR;
				CLANG_WARN_RANGE_LOOP_ANALYSIS = YES;
				CLANG_WARN_STRICT_PROTOTYPES = YES;
				CLANG_WARN_SUSPICIOUS_MOVE = YES;
				CLANG_WARN_UNGUARDED_AVAILABILITY = YES_AGGRESSIVE;
				CLANG_WARN_UNREACHABLE_CODE = YES;
				CLANG_WARN__DUPLICATE_METHOD_MATCH = YES;
				COPY_PHASE_STRIP = NO;
				DEBUG_INFORMATION_FORMAT = dwarf;
				ENABLE_STRICT_OBJC_MSGSEND = YES;
				ENABLE_TESTABILITY = YES;
				GCC_C_LANGUAGE_STANDARD = gnu11;
				GCC_DYNAMIC_NO_PIC = NO;
				GCC_NO_COMMON_BLOCKS = YES;
				GCC_OPTIMIZATION_LEVEL = 0;
				GCC_PREPROCESSOR_DEFINITIONS = (
					"DEBUG=1",
					"$(inherited)",
				);
				GCC_WARN_64_TO_32_BIT_CONVERSION = YES;
				GCC_WARN_ABOUT_RETURN_TYPE = YES_ERROR;
				GCC_WARN_UNDECLARED_SELECTOR = YES;
				GCC_WARN_UNINITIALIZED_AUTOS = YES_AGGRESSIVE;
				GCC_WARN_UNUSED_FUNCTION = YES;
				GCC_WARN_UNUSED_VARIABLE = YES;
				IPHONEOS_DEPLOYMENT_TARGET = 10.0;
				MTL_ENABLE_DEBUG_INFO = INCLUDE_SOURCE;
				MTL_FAST_MATH = YES;
				ONLY_ACTIVE_ARCH = YES;
				SDKROOT = iphoneos;
			};
			name = Debug;
		};
		574B3D76235FA66D008442CE /* Release */ = {
			isa = XCBuildConfiguration;
			buildSettings = {
				ALWAYS_SEARCH_USER_PATHS = NO;
				CLANG_ANALYZER_NONNULL = YES;
				CLANG_ANALYZER_NUMBER_OBJECT_CONVERSION = YES_AGGRESSIVE;
				CLANG_CXX_LANGUAGE_STANDARD = "gnu++14";
				CLANG_CXX_LIBRARY = "libc++";
				CLANG_ENABLE_MODULES = YES;
				CLANG_ENABLE_OBJC_ARC = YES;
				CLANG_ENABLE_OBJC_WEAK = YES;
				CLANG_WARN_BLOCK_CAPTURE_AUTORELEASING = YES;
				CLANG_WARN_BOOL_CONVERSION = YES;
				CLANG_WARN_COMMA = YES;
				CLANG_WARN_CONSTANT_CONVERSION = YES;
				CLANG_WARN_DEPRECATED_OBJC_IMPLEMENTATIONS = YES;
				CLANG_WARN_DIRECT_OBJC_ISA_USAGE = YES_ERROR;
				CLANG_WARN_DOCUMENTATION_COMMENTS = YES;
				CLANG_WARN_EMPTY_BODY = YES;
				CLANG_WARN_ENUM_CONVERSION = YES;
				CLANG_WARN_INFINITE_RECURSION = YES;
				CLANG_WARN_INT_CONVERSION = YES;
				CLANG_WARN_NON_LITERAL_NULL_CONVERSION = YES;
				CLANG_WARN_OBJC_IMPLICIT_RETAIN_SELF = YES;
				CLANG_WARN_OBJC_LITERAL_CONVERSION = YES;
				CLANG_WARN_OBJC_ROOT_CLASS = YES_ERROR;
				CLANG_WARN_RANGE_LOOP_ANALYSIS = YES;
				CLANG_WARN_STRICT_PROTOTYPES = YES;
				CLANG_WARN_SUSPICIOUS_MOVE = YES;
				CLANG_WARN_UNGUARDED_AVAILABILITY = YES_AGGRESSIVE;
				CLANG_WARN_UNREACHABLE_CODE = YES;
				CLANG_WARN__DUPLICATE_METHOD_MATCH = YES;
				COPY_PHASE_STRIP = NO;
				DEBUG_INFORMATION_FORMAT = "dwarf-with-dsym";
				ENABLE_NS_ASSERTIONS = NO;
				ENABLE_STRICT_OBJC_MSGSEND = YES;
				GCC_C_LANGUAGE_STANDARD = gnu11;
				GCC_NO_COMMON_BLOCKS = YES;
				GCC_WARN_64_TO_32_BIT_CONVERSION = YES;
				GCC_WARN_ABOUT_RETURN_TYPE = YES_ERROR;
				GCC_WARN_UNDECLARED_SELECTOR = YES;
				GCC_WARN_UNINITIALIZED_AUTOS = YES_AGGRESSIVE;
				GCC_WARN_UNUSED_FUNCTION = YES;
				GCC_WARN_UNUSED_VARIABLE = YES;
				IPHONEOS_DEPLOYMENT_TARGET = 10.0;
				MTL_ENABLE_DEBUG_INFO = NO;
				MTL_FAST_MATH = YES;
				SDKROOT = iphoneos;
				VALIDATE_PRODUCT = YES;
			};
			name = Release;
		};
		574B3D78235FA66D008442CE /* Debug */ = {
			isa = XCBuildConfiguration;
			buildSettings = {
				ASSETCATALOG_COMPILER_APPICON_NAME = AppIcon;
				CODE_SIGN_STYLE = Automatic;
				DEVELOPMENT_TEAM = STZX823UT2;
				INFOPLIST_FILE = LittleFilmWeb/Info.plist;
				LD_RUNPATH_SEARCH_PATHS = (
					"$(inherited)",
					"@executable_path/Frameworks",
				);
				PRODUCT_BUNDLE_IDENTIFIER = dxc.test.LittleFilmWeb;
				PRODUCT_NAME = "$(TARGET_NAME)";
				TARGETED_DEVICE_FAMILY = "1,2";
			};
			name = Debug;
		};
		574B3D79235FA66D008442CE /* Release */ = {
			isa = XCBuildConfiguration;
			buildSettings = {
				ASSETCATALOG_COMPILER_APPICON_NAME = AppIcon;
				CODE_SIGN_STYLE = Automatic;
				DEVELOPMENT_TEAM = STZX823UT2;
				INFOPLIST_FILE = LittleFilmWeb/Info.plist;
				LD_RUNPATH_SEARCH_PATHS = (
					"$(inherited)",
					"@executable_path/Frameworks",
				);
				PRODUCT_BUNDLE_IDENTIFIER = dxc.test.LittleFilmWeb;
				PRODUCT_NAME = "$(TARGET_NAME)";
				TARGETED_DEVICE_FAMILY = "1,2";
			};
			name = Release;
		};
/* End XCBuildConfiguration section */

/* Begin XCConfigurationList section */
		574B3D59235FA66A008442CE /* Build configuration list for PBXProject "LittleFilmWeb" */ = {
			isa = XCConfigurationList;
			buildConfigurations = (
				574B3D75235FA66D008442CE /* Debug */,
				574B3D76235FA66D008442CE /* Release */,
			);
			defaultConfigurationIsVisible = 0;
			defaultConfigurationName = Release;
		};
		574B3D77235FA66D008442CE /* Build configuration list for PBXNativeTarget "LittleFilmWeb" */ = {
			isa = XCConfigurationList;
			buildConfigurations = (
				574B3D78235FA66D008442CE /* Debug */,
				574B3D79235FA66D008442CE /* Release */,
			);
			defaultConfigurationIsVisible = 0;
			defaultConfigurationName = Release;
		};
/* End XCConfigurationList section */
	};
	rootObject = 574B3D56235FA66A008442CE /* Project object */;
}
